
Microsoft Visual Studio Solution File, Format Version 12.00
# Visual Studio Version 16
VisualStudioVersion = 16.0.30114.105
MinimumVisualStudioVersion = 10.0.40219.1
Project("{FAE04EC0-301F-11D3-BF4B-00C04F79EFBC}") = "TestConsole", "TestConsole\TestConsole.csproj", "{94AC506C-3893-4546-8327-11620F248478}"
EndProject
Project("{FAE04EC0-301F-11D3-BF4B-00C04F79EFBC}") = "TestWpf", "TestWpf\TestWpf.csproj", "{7716A267-97C4-4DE9-9224-A652AEE2C001}"
EndProject
Global
	GlobalSection(SolutionConfigurationPlatforms) = preSolution
		Debug|Any CPU = Debug|Any CPU
		Release|Any CPU = Release|Any CPU
	EndGlobalSection
	GlobalSection(SolutionProperties) = preSolution
		HideSolutionNode = FALSE
	EndGlobalSection
	GlobalSection(ProjectConfigurationPlatforms) = postSolution
		{94AC506C-3893-4546-8327-11620F248478}.Debug|Any CPU.ActiveCfg = Debug|Any CPU
		{94AC506C-3893-4546-8327-11620F248478}.Debug|Any CPU.Build.0 = Debug|Any CPU
		{94AC506C-3893-4546-8327-11620F248478}.Release|Any CPU.ActiveCfg = Release|Any CPU
		{94AC506C-3893-4546-8327-11620F248478}.Release|Any CPU.Build.0 = Release|Any CPU
		{7716A267-97C4-4DE9-9224-A652AEE2C001}.Debug|Any CPU.ActiveCfg = Debug|Any CPU
		{7716A267-97C4-4DE9-9224-A652AEE2C001}.Debug|Any CPU.Build.0 = Debug|Any CPU
		{7716A267-97C4-4DE9-9224-A652AEE2C001}.Release|Any CPU.ActiveCfg = Release|Any CPU
		{7716A267-97C4-4DE9-9224-A652AEE2C001}.Release|Any CPU.Build.0 = Release|Any CPU
	EndGlobalSection
EndGlobal
